
Microsoft Visual Studio Solution File, Format Version 12.00
# Visual Studio Version 17
VisualStudioVersion = 17.14.36616.10
MinimumVisualStudioVersion = 10.0.40219.1
Project("{2150E333-8FDC-42A3-9474-1A3956D46DE8}") = "Task0", "Task0", "{36D591C7-65C7-A0D1-1CBC-10CDE441BDC8}"
EndProject
Project("{FAE04EC0-301F-11D3-BF4B-00C04F79EFBC}") = "Tyuiu.EvdokimovKP.Sprint6.Task0.V7.Lib", "Tyuiu.EvdokimovKP.Sprint6.Task0.V7.Lib\Tyuiu.EvdokimovKP.Sprint6.Task0.V7.Lib.csproj", "{43682053-561D-4FF1-96DB-9BDE7A324EC0}"
EndProject
Project("{FAE04EC0-301F-11D3-BF4B-00C04F79EFBC}") = "Tyuiu.EvdokimovKP.Sprint6.Task0.V7.Test", "Tyuiu.EvdokimovKP.Sprint6.Task0.V7.Test\Tyuiu.EvdokimovKP.Sprint6.Task0.V7.Test.csproj", "{1CD9013B-43D5-4F27-BC6C-183A13B110C5}"
EndProject
Project("{FAE04EC0-301F-11D3-BF4B-00C04F79EFBC}") = "Tyuiu.EvdokimovKP.Sprint6.Task0.V7", "Tyuiu.EvdokimovKP.Sprint6.Task0.V7\Tyuiu.EvdokimovKP.Sprint6.Task0.V7.csproj", "{849AA944-317F-4EDC-91E6-FF2123B3A78A}"
EndProject
Project("{2150E333-8FDC-42A3-9474-1A3956D46DE8}") = "Task1", "Task1", "{C47A6BD8-414C-414A-B16F-231D7F29CC15}"
EndProject
Project("{FAE04EC0-301F-11D3-BF4B-00C04F79EFBC}") = "Tyuiu.EvdokimovKP.Sprint6.Task1.V3.Test", "Tyuiu.EvdokimovKP.Sprint6.Task1.V3.Test\Tyuiu.EvdokimovKP.Sprint6.Task1.V3.Test.csproj", "{ACDB0C5E-2BCF-4A41-ADE1-71E3894EB556}"
EndProject
Project("{FAE04EC0-301F-11D3-BF4B-00C04F79EFBC}") = "Tyuiu.EvdokimovKP.Sprint6.Task1.V3.Lib", "Tyuiu.EvdokimovKP.Sprint6.Task1.V3.Lib\Tyuiu.EvdokimovKP.Sprint6.Task1.V3.Lib.csproj", "{D3E20890-2C8B-4340-B436-ED6A21EFA32B}"
EndProject
Project("{FAE04EC0-301F-11D3-BF4B-00C04F79EFBC}") = "Tyuiu.EvdokimovKP.Sprint6.Task1.V3", "Tyuiu.EvdokimovKP.Sprint6.Task1.V3\Tyuiu.EvdokimovKP.Sprint6.Task1.V3.csproj", "{A6CCC798-7436-4319-8011-3E200FECB1E6}"
EndProject
Project("{2150E333-8FDC-42A3-9474-1A3956D46DE8}") = "Task2", "Task2", "{6492B4BB-A96B-4717-84E3-11501509232C}"
EndProject
Project("{FAE04EC0-301F-11D3-BF4B-00C04F79EFBC}") = "Tyuiu.EvdokimovKP.Sprint6.Task2.V4.Lib", "Tyuiu.EvdokimovKP.Sprint6.Task2.V4.Lib\Tyuiu.EvdokimovKP.Sprint6.Task2.V4.Lib.csproj", "{27A00772-1C5C-469F-A41B-49CBB62BA289}"
EndProject
Project("{FAE04EC0-301F-11D3-BF4B-00C04F79EFBC}") = "Tyuiu.EvdokimovKP.Sprint6.Task2.V4.Test", "Tyuiu.EvdokimovKP.Sprint6.Task2.V4.Test\Tyuiu.EvdokimovKP.Sprint6.Task2.V4.Test.csproj", "{2989128E-992E-42A5-96AC-7638436C7A60}"
EndProject
Project("{FAE04EC0-301F-11D3-BF4B-00C04F79EFBC}") = "Tyuiu.EvdokimovKP.Sprint6.Task2.V4", "Tyuiu.EvdokimovKP.Sprint6.Task2.V4\Tyuiu.EvdokimovKP.Sprint6.Task2.V4.csproj", "{084F6CC8-B8F5-48F7-8256-6048757DD1E7}"
EndProject
Project("{2150E333-8FDC-42A3-9474-1A3956D46DE8}") = "Task3", "Task3", "{C832279B-0038-4471-8B34-F17459BCF8D9}"
EndProject
Project("{FAE04EC0-301F-11D3-BF4B-00C04F79EFBC}") = "Tyuiu.EvdokimovKP.Sprint6.Task3.V17.Lib", "Tyuiu.EvdokimovKP.Sprint6.Task3.V17.Lib\Tyuiu.EvdokimovKP.Sprint6.Task3.V17.Lib.csproj", "{51B88C6D-16AD-400F-8CF9-BC31CFAA95FE}"
EndProject
Project("{FAE04EC0-301F-11D3-BF4B-00C04F79EFBC}") = "Tyuiu.EvdokimovKP.Sprint6.Task3.V17.Test", "Tyuiu.EvdokimovKP.Sprint6.Task3.V17.Test\Tyuiu.EvdokimovKP.Sprint6.Task3.V17.Test.csproj", "{94A23E5B-2683-4B3A-A916-EEFEA9A30F63}"
EndProject
Project("{FAE04EC0-301F-11D3-BF4B-00C04F79EFBC}") = "Tyuiu.EvdokimovKP.Sprint6.Task3.V17", "Tyuiu.EvdokimovKP.Sprint6.Task3.V17\Tyuiu.EvdokimovKP.Sprint6.Task3.V17.csproj", "{CE1ECFB3-57CE-48A2-8A7D-CE50DEA8E160}"
EndProject
Project("{2150E333-8FDC-42A3-9474-1A3956D46DE8}") = "Task4", "Task4", "{38082435-594F-4D83-8C2F-6C5A4B736510}"
EndProject
Project("{FAE04EC0-301F-11D3-BF4B-00C04F79EFBC}") = "Tyuiu.EvdokimovKP.Sprint6.Task4.V20.Lib", "Tyuiu.EvdokimovKP.Sprint6.Task4.V20.Lib\Tyuiu.EvdokimovKP.Sprint6.Task4.V20.Lib.csproj", "{BA1B745D-A361-4B1D-8940-E325AE363FDB}"
EndProject
Project("{FAE04EC0-301F-11D3-BF4B-00C04F79EFBC}") = "Tyuiu.EvdokimovKP.Sprint6.Task4.V20.Test", "Tyuiu.EvdokimovKP.Sprint6.Task4.V20.Test\Tyuiu.EvdokimovKP.Sprint6.Task4.V20.Test.csproj", "{DDA21E8E-E228-49F3-8ECB-A842AF5AA466}"
EndProject
Project("{FAE04EC0-301F-11D3-BF4B-00C04F79EFBC}") = "Tyuiu.EvdokimovKP.Sprint6.Task4.V20", "Tyuiu.EvdokimovKP.Sprint6.Task4.V20\Tyuiu.EvdokimovKP.Sprint6.Task4.V20.csproj", "{CE93D0F0-C0AB-495B-B307-56FBA96DA91A}"
EndProject
Project("{2150E333-8FDC-42A3-9474-1A3956D46DE8}") = "Task5", "Task5", "{9E2D23CA-3F6A-4319-9DEF-3C07BE3F85B4}"
EndProject
Project("{FAE04EC0-301F-11D3-BF4B-00C04F79EFBC}") = "Tyuiu.EvdokimovKP.Sprint6.Task5.V28.Lib", "Tyuiu.EvdokimovKP.Sprint6.Task5.V28.Lib\Tyuiu.EvdokimovKP.Sprint6.Task5.V28.Lib.csproj", "{EBD2EA03-3B7A-441A-8B79-ACEC2B9C3065}"
EndProject
Project("{FAE04EC0-301F-11D3-BF4B-00C04F79EFBC}") = "Tyuiu.EvdokimovKP.Sprint6.Task5.V28.Test", "Tyuiu.EvdokimovKP.Sprint6.Task5.V28.Test\Tyuiu.EvdokimovKP.Sprint6.Task5.V28.Test.csproj", "{96BDF0AE-6AE9-4473-8DF3-92C87F85FFCB}"
EndProject
Project("{FAE04EC0-301F-11D3-BF4B-00C04F79EFBC}") = "Tyuiu.EvdokimovKP.Sprint6.Task5.V28", "Tyuiu.EvdokimovKP.Sprint6.Task5.V28\Tyuiu.EvdokimovKP.Sprint6.Task5.V28.csproj", "{BAFA45AD-C70B-4741-95EE-6D6B469C236F}"
EndProject
Project("{2150E333-8FDC-42A3-9474-1A3956D46DE8}") = "Task6", "Task6", "{2E5010AD-7E32-4094-8761-3E5B4C9377FF}"
EndProject
Project("{FAE04EC0-301F-11D3-BF4B-00C04F79EFBC}") = "Tyuiu.EvdokimovKP.Sprint6.Task6.V25.Lib", "Tyuiu.EvdokimovKP.Sprint6.Task6.V25.Lib\Tyuiu.EvdokimovKP.Sprint6.Task6.V25.Lib.csproj", "{FF8B47E1-42DF-4F7C-9501-8D70262A1E3D}"
EndProject
Project("{FAE04EC0-301F-11D3-BF4B-00C04F79EFBC}") = "Tyuiu.EvdokimovKP.Sprint6.Task6.V25.Test", "Tyuiu.EvdokimovKP.Sprint6.Task6.V25.Test\Tyuiu.EvdokimovKP.Sprint6.Task6.V25.Test.csproj", "{6DFB8202-CE05-42A1-91E6-D5ADD2D0B985}"
EndProject
Project("{FAE04EC0-301F-11D3-BF4B-00C04F79EFBC}") = "Tyuiu.EvdokimovKP.Sprint6.Task6.V25", "Tyuiu.EvdokimovKP.Sprint6.Task6.V25\Tyuiu.EvdokimovKP.Sprint6.Task6.V25.csproj", "{4CAACC20-796C-479A-A228-4A841DD6C5EF}"
EndProject
Project("{2150E333-8FDC-42A3-9474-1A3956D46DE8}") = "Task7", "Task7", "{13FC7BC2-619F-4693-8ECA-E7CAE0BA44C2}"
EndProject
Project("{FAE04EC0-301F-11D3-BF4B-00C04F79EFBC}") = "Tyuiu.EvdokimovKP.Sprint6.Task7.V30.Lib", "Tyuiu.EvdokimovKP.Sprint6.Task7.V30.Lib\Tyuiu.EvdokimovKP.Sprint6.Task7.V30.Lib.csproj", "{A3A9141C-136D-4906-AA20-D80D45B2BC20}"
EndProject
Project("{FAE04EC0-301F-11D3-BF4B-00C04F79EFBC}") = "Tyuiu.EvdokimovKP.Sprint6.Task7.V30.Test", "Tyuiu.EvdokimovKP.Sprint6.Task7.V30.Test\Tyuiu.EvdokimovKP.Sprint6.Task7.V30.Test.csproj", "{9E320D0C-5126-4CF2-BC2B-97CE887CEBEE}"
EndProject
Project("{FAE04EC0-301F-11D3-BF4B-00C04F79EFBC}") = "Tyuiu.EvdokimovKP.Sprint6.Task7.V30", "Tyuiu.EvdokimovKP.Sprint6.Task7.V30\Tyuiu.EvdokimovKP.Sprint6.Task7.V30.csproj", "{44C0CEF7-7BE6-441E-8B85-EE2D3A2856F2}"
EndProject
Global
	GlobalSection(SolutionConfigurationPlatforms) = preSolution
		Debug|Any CPU = Debug|Any CPU
		Release|Any CPU = Release|Any CPU
	EndGlobalSection
	GlobalSection(ProjectConfigurationPlatforms) = postSolution
		{43682053-561D-4FF1-96DB-9BDE7A324EC0}.Debug|Any CPU.ActiveCfg = Debug|Any CPU
		{43682053-561D-4FF1-96DB-9BDE7A324EC0}.Debug|Any CPU.Build.0 = Debug|Any CPU
		{43682053-561D-4FF1-96DB-9BDE7A324EC0}.Release|Any CPU.ActiveCfg = Release|Any CPU
		{43682053-561D-4FF1-96DB-9BDE7A324EC0}.Release|Any CPU.Build.0 = Release|Any CPU
		{1CD9013B-43D5-4F27-BC6C-183A13B110C5}.Debug|Any CPU.ActiveCfg = Debug|Any CPU
		{1CD9013B-43D5-4F27-BC6C-183A13B110C5}.Debug|Any CPU.Build.0 = Debug|Any CPU
		{1CD9013B-43D5-4F27-BC6C-183A13B110C5}.Release|Any CPU.ActiveCfg = Release|Any CPU
		{1CD9013B-43D5-4F27-BC6C-183A13B110C5}.Release|Any CPU.Build.0 = Release|Any CPU
		{849AA944-317F-4EDC-91E6-FF2123B3A78A}.Debug|Any CPU.ActiveCfg = Debug|Any CPU
		{849AA944-317F-4EDC-91E6-FF2123B3A78A}.Debug|Any CPU.Build.0 = Debug|Any CPU
		{849AA944-317F-4EDC-91E6-FF2123B3A78A}.Release|Any CPU.ActiveCfg = Release|Any CPU
		{849AA944-317F-4EDC-91E6-FF2123B3A78A}.Release|Any CPU.Build.0 = Release|Any CPU
		{ACDB0C5E-2BCF-4A41-ADE1-71E3894EB556}.Debug|Any CPU.ActiveCfg = Debug|Any CPU
		{ACDB0C5E-2BCF-4A41-ADE1-71E3894EB556}.Debug|Any CPU.Build.0 = Debug|Any CPU
		{ACDB0C5E-2BCF-4A41-ADE1-71E3894EB556}.Release|Any CPU.ActiveCfg = Release|Any CPU
		{ACDB0C5E-2BCF-4A41-ADE1-71E3894EB556}.Release|Any CPU.Build.0 = Release|Any CPU
		{D3E20890-2C8B-4340-B436-ED6A21EFA32B}.Debug|Any CPU.ActiveCfg = Debug|Any CPU
		{D3E20890-2C8B-4340-B436-ED6A21EFA32B}.Debug|Any CPU.Build.0 = Debug|Any CPU
		{D3E20890-2C8B-4340-B436-ED6A21EFA32B}.Release|Any CPU.ActiveCfg = Release|Any CPU
		{D3E20890-2C8B-4340-B436-ED6A21EFA32B}.Release|Any CPU.Build.0 = Release|Any CPU
		{A6CCC798-7436-4319-8011-3E200FECB1E6}.Debug|Any CPU.ActiveCfg = Debug|Any CPU
		{A6CCC798-7436-4319-8011-3E200FECB1E6}.Debug|Any CPU.Build.0 = Debug|Any CPU
		{A6CCC798-7436-4319-8011-3E200FECB1E6}.Release|Any CPU.ActiveCfg = Release|Any CPU
		{A6CCC798-7436-4319-8011-3E200FECB1E6}.Release|Any CPU.Build.0 = Release|Any CPU
		{27A00772-1C5C-469F-A41B-49CBB62BA289}.Debug|Any CPU.ActiveCfg = Debug|Any CPU
		{27A00772-1C5C-469F-A41B-49CBB62BA289}.Debug|Any CPU.Build.0 = Debug|Any CPU
		{27A00772-1C5C-469F-A41B-49CBB62BA289}.Release|Any CPU.ActiveCfg = Release|Any CPU
		{27A00772-1C5C-469F-A41B-49CBB62BA289}.Release|Any CPU.Build.0 = Release|Any CPU
		{2989128E-992E-42A5-96AC-7638436C7A60}.Debug|Any CPU.ActiveCfg = Debug|Any CPU
		{2989128E-992E-42A5-96AC-7638436C7A60}.Debug|Any CPU.Build.0 = Debug|Any CPU
		{2989128E-992E-42A5-96AC-7638436C7A60}.Release|Any CPU.ActiveCfg = Release|Any CPU
		{2989128E-992E-42A5-96AC-7638436C7A60}.Release|Any CPU.Build.0 = Release|Any CPU
		{084F6CC8-B8F5-48F7-8256-6048757DD1E7}.Debug|Any CPU.ActiveCfg = Debug|Any CPU
		{084F6CC8-B8F5-48F7-8256-6048757DD1E7}.Debug|Any CPU.Build.0 = Debug|Any CPU
		{084F6CC8-B8F5-48F7-8256-6048757DD1E7}.Release|Any CPU.ActiveCfg = Release|Any CPU
		{084F6CC8-B8F5-48F7-8256-6048757DD1E7}.Release|Any CPU.Build.0 = Release|Any CPU
		{51B88C6D-16AD-400F-8CF9-BC31CFAA95FE}.Debug|Any CPU.ActiveCfg = Debug|Any CPU
		{51B88C6D-16AD-400F-8CF9-BC31CFAA95FE}.Debug|Any CPU.Build.0 = Debug|Any CPU
		{51B88C6D-16AD-400F-8CF9-BC31CFAA95FE}.Release|Any CPU.ActiveCfg = Release|Any CPU
		{51B88C6D-16AD-400F-8CF9-BC31CFAA95FE}.Release|Any CPU.Build.0 = Release|Any CPU
		{94A23E5B-2683-4B3A-A916-EEFEA9A30F63}.Debug|Any CPU.ActiveCfg = Debug|Any CPU
		{94A23E5B-2683-4B3A-A916-EEFEA9A30F63}.Debug|Any CPU.Build.0 = Debug|Any CPU
		{94A23E5B-2683-4B3A-A916-EEFEA9A30F63}.Release|Any CPU.ActiveCfg = Release|Any CPU
		{94A23E5B-2683-4B3A-A916-EEFEA9A30F63}.Release|Any CPU.Build.0 = Release|Any CPU
		{CE1ECFB3-57CE-48A2-8A7D-CE50DEA8E160}.Debug|Any CPU.ActiveCfg = Debug|Any CPU
		{CE1ECFB3-57CE-48A2-8A7D-CE50DEA8E160}.Debug|Any CPU.Build.0 = Debug|Any CPU
		{CE1ECFB3-57CE-48A2-8A7D-CE50DEA8E160}.Release|Any CPU.ActiveCfg = Release|Any CPU
		{CE1ECFB3-57CE-48A2-8A7D-CE50DEA8E160}.Release|Any CPU.Build.0 = Release|Any CPU
		{BA1B745D-A361-4B1D-8940-E325AE363FDB}.Debug|Any CPU.ActiveCfg = Debug|Any CPU
		{BA1B745D-A361-4B1D-8940-E325AE363FDB}.Debug|Any CPU.Build.0 = Debug|Any CPU
		{BA1B745D-A361-4B1D-8940-E325AE363FDB}.Release|Any CPU.ActiveCfg = Release|Any CPU
		{BA1B745D-A361-4B1D-8940-E325AE363FDB}.Release|Any CPU.Build.0 = Release|Any CPU
		{DDA21E8E-E228-49F3-8ECB-A842AF5AA466}.Debug|Any CPU.ActiveCfg = Debug|Any CPU
		{DDA21E8E-E228-49F3-8ECB-A842AF5AA466}.Debug|Any CPU.Build.0 = Debug|Any CPU
		{DDA21E8E-E228-49F3-8ECB-A842AF5AA466}.Release|Any CPU.ActiveCfg = Release|Any CPU
		{DDA21E8E-E228-49F3-8ECB-A842AF5AA466}.Release|Any CPU.Build.0 = Release|Any CPU
		{CE93D0F0-C0AB-495B-B307-56FBA96DA91A}.Debug|Any CPU.ActiveCfg = Debug|Any CPU
		{CE93D0F0-C0AB-495B-B307-56FBA96DA91A}.Debug|Any CPU.Build.0 = Debug|Any CPU
		{CE93D0F0-C0AB-495B-B307-56FBA96DA91A}.Release|Any CPU.ActiveCfg = Release|Any CPU
		{CE93D0F0-C0AB-495B-B307-56FBA96DA91A}.Release|Any CPU.Build.0 = Release|Any CPU
		{EBD2EA03-3B7A-441A-8B79-ACEC2B9C3065}.Debug|Any CPU.ActiveCfg = Debug|Any CPU
		{EBD2EA03-3B7A-441A-8B79-ACEC2B9C3065}.Debug|Any CPU.Build.0 = Debug|Any CPU
		{EBD2EA03-3B7A-441A-8B79-ACEC2B9C3065}.Release|Any CPU.ActiveCfg = Release|Any CPU
		{EBD2EA03-3B7A-441A-8B79-ACEC2B9C3065}.Release|Any CPU.Build.0 = Release|Any CPU
		{96BDF0AE-6AE9-4473-8DF3-92C87F85FFCB}.Debug|Any CPU.ActiveCfg = Debug|Any CPU
		{96BDF0AE-6AE9-4473-8DF3-92C87F85FFCB}.Debug|Any CPU.Build.0 = Debug|Any CPU
		{96BDF0AE-6AE9-4473-8DF3-92C87F85FFCB}.Release|Any CPU.ActiveCfg = Release|Any CPU
		{96BDF0AE-6AE9-4473-8DF3-92C87F85FFCB}.Release|Any CPU.Build.0 = Release|Any CPU
		{BAFA45AD-C70B-4741-95EE-6D6B469C236F}.Debug|Any CPU.ActiveCfg = Debug|Any CPU
		{BAFA45AD-C70B-4741-95EE-6D6B469C236F}.Debug|Any CPU.Build.0 = Debug|Any CPU
		{BAFA45AD-C70B-4741-95EE-6D6B469C236F}.Release|Any CPU.ActiveCfg = Release|Any CPU
		{BAFA45AD-C70B-4741-95EE-6D6B469C236F}.Release|Any CPU.Build.0 = Release|Any CPU
		{FF8B47E1-42DF-4F7C-9501-8D70262A1E3D}.Debug|Any CPU.ActiveCfg = Debug|Any CPU
		{FF8B47E1-42DF-4F7C-9501-8D70262A1E3D}.Debug|Any CPU.Build.0 = Debug|Any CPU
		{FF8B47E1-42DF-4F7C-9501-8D70262A1E3D}.Release|Any CPU.ActiveCfg = Release|Any CPU
		{FF8B47E1-42DF-4F7C-9501-8D70262A1E3D}.Release|Any CPU.Build.0 = Release|Any CPU
		{6DFB8202-CE05-42A1-91E6-D5ADD2D0B985}.Debug|Any CPU.ActiveCfg = Debug|Any CPU
		{6DFB8202-CE05-42A1-91E6-D5ADD2D0B985}.Debug|Any CPU.Build.0 = Debug|Any CPU
		{6DFB8202-CE05-42A1-91E6-D5ADD2D0B985}.Release|Any CPU.ActiveCfg = Release|Any CPU
		{6DFB8202-CE05-42A1-91E6-D5ADD2D0B985}.Release|Any CPU.Build.0 = Release|Any CPU
		{4CAACC20-796C-479A-A228-4A841DD6C5EF}.Debug|Any CPU.ActiveCfg = Debug|Any CPU
		{4CAACC20-796C-479A-A228-4A841DD6C5EF}.Debug|Any CPU.Build.0 = Debug|Any CPU
		{4CAACC20-796C-479A-A228-4A841DD6C5EF}.Release|Any CPU.ActiveCfg = Release|Any CPU
		{4CAACC20-796C-479A-A228-4A841DD6C5EF}.Release|Any CPU.Build.0 = Release|Any CPU
		{A3A9141C-136D-4906-AA20-D80D45B2BC20}.Debug|Any CPU.ActiveCfg = Debug|Any CPU
		{A3A9141C-136D-4906-AA20-D80D45B2BC20}.Debug|Any CPU.Build.0 = Debug|Any CPU
		{A3A9141C-136D-4906-AA20-D80D45B2BC20}.Release|Any CPU.ActiveCfg = Release|Any CPU
		{A3A9141C-136D-4906-AA20-D80D45B2BC20}.Release|Any CPU.Build.0 = Release|Any CPU
		{9E320D0C-5126-4CF2-BC2B-97CE887CEBEE}.Debug|Any CPU.ActiveCfg = Debug|Any CPU
		{9E320D0C-5126-4CF2-BC2B-97CE887CEBEE}.Debug|Any CPU.Build.0 = Debug|Any CPU
		{9E320D0C-5126-4CF2-BC2B-97CE887CEBEE}.Release|Any CPU.ActiveCfg = Release|Any CPU
		{9E320D0C-5126-4CF2-BC2B-97CE887CEBEE}.Release|Any CPU.Build.0 = Release|Any CPU
		{44C0CEF7-7BE6-441E-8B85-EE2D3A2856F2}.Debug|Any CPU.ActiveCfg = Debug|Any CPU
		{44C0CEF7-7BE6-441E-8B85-EE2D3A2856F2}.Debug|Any CPU.Build.0 = Debug|Any CPU
		{44C0CEF7-7BE6-441E-8B85-EE2D3A2856F2}.Release|Any CPU.ActiveCfg = Release|Any CPU
		{44C0CEF7-7BE6-441E-8B85-EE2D3A2856F2}.Release|Any CPU.Build.0 = Release|Any CPU
	EndGlobalSection
	GlobalSection(SolutionProperties) = preSolution
		HideSolutionNode = FALSE
	EndGlobalSection
	GlobalSection(NestedProjects) = preSolution
		{43682053-561D-4FF1-96DB-9BDE7A324EC0} = {36D591C7-65C7-A0D1-1CBC-10CDE441BDC8}
		{1CD9013B-43D5-4F27-BC6C-183A13B110C5} = {36D591C7-65C7-A0D1-1CBC-10CDE441BDC8}
		{849AA944-317F-4EDC-91E6-FF2123B3A78A} = {36D591C7-65C7-A0D1-1CBC-10CDE441BDC8}
		{ACDB0C5E-2BCF-4A41-ADE1-71E3894EB556} = {C47A6BD8-414C-414A-B16F-231D7F29CC15}
		{D3E20890-2C8B-4340-B436-ED6A21EFA32B} = {C47A6BD8-414C-414A-B16F-231D7F29CC15}
		{A6CCC798-7436-4319-8011-3E200FECB1E6} = {C47A6BD8-414C-414A-B16F-231D7F29CC15}
		{27A00772-1C5C-469F-A41B-49CBB62BA289} = {6492B4BB-A96B-4717-84E3-11501509232C}
		{2989128E-992E-42A5-96AC-7638436C7A60} = {6492B4BB-A96B-4717-84E3-11501509232C}
		{084F6CC8-B8F5-48F7-8256-6048757DD1E7} = {6492B4BB-A96B-4717-84E3-11501509232C}
		{51B88C6D-16AD-400F-8CF9-BC31CFAA95FE} = {C832279B-0038-4471-8B34-F17459BCF8D9}
		{94A23E5B-2683-4B3A-A916-EEFEA9A30F63} = {C832279B-0038-4471-8B34-F17459BCF8D9}
		{CE1ECFB3-57CE-48A2-8A7D-CE50DEA8E160} = {C832279B-0038-4471-8B34-F17459BCF8D9}
		{BA1B745D-A361-4B1D-8940-E325AE363FDB} = {38082435-594F-4D83-8C2F-6C5A4B736510}
		{DDA21E8E-E228-49F3-8ECB-A842AF5AA466} = {38082435-594F-4D83-8C2F-6C5A4B736510}
		{CE93D0F0-C0AB-495B-B307-56FBA96DA91A} = {38082435-594F-4D83-8C2F-6C5A4B736510}
		{EBD2EA03-3B7A-441A-8B79-ACEC2B9C3065} = {9E2D23CA-3F6A-4319-9DEF-3C07BE3F85B4}
		{96BDF0AE-6AE9-4473-8DF3-92C87F85FFCB} = {9E2D23CA-3F6A-4319-9DEF-3C07BE3F85B4}
		{BAFA45AD-C70B-4741-95EE-6D6B469C236F} = {9E2D23CA-3F6A-4319-9DEF-3C07BE3F85B4}
		{FF8B47E1-42DF-4F7C-9501-8D70262A1E3D} = {2E5010AD-7E32-4094-8761-3E5B4C9377FF}
		{6DFB8202-CE05-42A1-91E6-D5ADD2D0B985} = {2E5010AD-7E32-4094-8761-3E5B4C9377FF}
		{4CAACC20-796C-479A-A228-4A841DD6C5EF} = {2E5010AD-7E32-4094-8761-3E5B4C9377FF}
		{A3A9141C-136D-4906-AA20-D80D45B2BC20} = {13FC7BC2-619F-4693-8ECA-E7CAE0BA44C2}
		{9E320D0C-5126-4CF2-BC2B-97CE887CEBEE} = {13FC7BC2-619F-4693-8ECA-E7CAE0BA44C2}
		{44C0CEF7-7BE6-441E-8B85-EE2D3A2856F2} = {13FC7BC2-619F-4693-8ECA-E7CAE0BA44C2}
	EndGlobalSection
	GlobalSection(ExtensibilityGlobals) = postSolution
		SolutionGuid = {45F624E4-6376-49FE-B1EB-4CC05837C39B}
	EndGlobalSection
EndGlobal
